// !$*UTF8*$!
{
	archiveVersion = 1;
	classes = {
	};
	objectVersion = 55;
	objects = {

/* Begin PBXBuildFile section */
		179EFF5C5F1D03CADD60F7E0 /* Pods_Instagram.framework in Frameworks */ = {isa = PBXBuildFile; fileRef = 93D7FCB06AE3991BD5881170 /* Pods_Instagram.framework */; };
		999EFB686BB93CBA6C565056 /* Pods_Instagram_InstagramUITests.framework in Frameworks */ = {isa = PBXBuildFile; fileRef = 5D330ACA3AAB9A012B61D50F /* Pods_Instagram_InstagramUITests.framework */; };
		9C74E4A328654764003FFFF7 /* ProfileViewController.m in Sources */ = {isa = PBXBuildFile; fileRef = 9C74E4A228654764003FFFF7 /* ProfileViewController.m */; };
		9C74E4A62865477C003FFFF7 /* ComposeViewController.m in Sources */ = {isa = PBXBuildFile; fileRef = 9C74E4A52865477C003FFFF7 /* ComposeViewController.m */; };
		9C8B61412863CAD500C7D7A3 /* LoginViewController.m in Sources */ = {isa = PBXBuildFile; fileRef = 9C8B61402863CAD500C7D7A3 /* LoginViewController.m */; };
		9C8B61442863CAE700C7D7A3 /* HomeViewController.m in Sources */ = {isa = PBXBuildFile; fileRef = 9C8B61432863CAE700C7D7A3 /* HomeViewController.m */; };
		9C8B61472863CE8000C7D7A3 /* PopupView.m in Sources */ = {isa = PBXBuildFile; fileRef = 9C8B61462863CE8000C7D7A3 /* PopupView.m */; };
		9C8B614A2863D9FC00C7D7A3 /* Post.m in Sources */ = {isa = PBXBuildFile; fileRef = 9C8B61492863D9FC00C7D7A3 /* Post.m */; };
		9CF6C80028638762005FC69C /* AppDelegate.m in Sources */ = {isa = PBXBuildFile; fileRef = 9CF6C7FF28638762005FC69C /* AppDelegate.m */; };
		9CF6C80328638762005FC69C /* SceneDelegate.m in Sources */ = {isa = PBXBuildFile; fileRef = 9CF6C80228638762005FC69C /* SceneDelegate.m */; };
		9CF6C80928638762005FC69C /* Main.storyboard in Resources */ = {isa = PBXBuildFile; fileRef = 9CF6C80728638762005FC69C /* Main.storyboard */; };
		9CF6C80B28638763005FC69C /* Assets.xcassets in Resources */ = {isa = PBXBuildFile; fileRef = 9CF6C80A28638763005FC69C /* Assets.xcassets */; };
		9CF6C80E28638763005FC69C /* LaunchScreen.storyboard in Resources */ = {isa = PBXBuildFile; fileRef = 9CF6C80C28638763005FC69C /* LaunchScreen.storyboard */; };
		9CF6C81128638763005FC69C /* main.m in Sources */ = {isa = PBXBuildFile; fileRef = 9CF6C81028638763005FC69C /* main.m */; };
		9CF6C81B28638763005FC69C /* InstagramTests.m in Sources */ = {isa = PBXBuildFile; fileRef = 9CF6C81A28638763005FC69C /* InstagramTests.m */; };
		9CF6C82528638763005FC69C /* InstagramUITests.m in Sources */ = {isa = PBXBuildFile; fileRef = 9CF6C82428638763005FC69C /* InstagramUITests.m */; };
		9CF6C82728638763005FC69C /* InstagramUITestsLaunchTests.m in Sources */ = {isa = PBXBuildFile; fileRef = 9CF6C82628638763005FC69C /* InstagramUITestsLaunchTests.m */; };
		9CF6C834286388D1005FC69C /* Keys.plist in Resources */ = {isa = PBXBuildFile; fileRef = 9CF6C833286388D1005FC69C /* Keys.plist */; };
		DACB4EA5BF74CDB82ED885FD /* Pods_InstagramTests.framework in Frameworks */ = {isa = PBXBuildFile; fileRef = FD637AD87A525688F5472242 /* Pods_InstagramTests.framework */; };
/* End PBXBuildFile section */

/* Begin PBXContainerItemProxy section */
		9CF6C81728638763005FC69C /* PBXContainerItemProxy */ = {
			isa = PBXContainerItemProxy;
			containerPortal = 9CF6C7F328638762005FC69C /* Project object */;
			proxyType = 1;
			remoteGlobalIDString = 9CF6C7FA28638762005FC69C;
			remoteInfo = Instagram;
		};
		9CF6C82128638763005FC69C /* PBXContainerItemProxy */ = {
			isa = PBXContainerItemProxy;
			containerPortal = 9CF6C7F328638762005FC69C /* Project object */;
			proxyType = 1;
			remoteGlobalIDString = 9CF6C7FA28638762005FC69C;
			remoteInfo = Instagram;
		};
/* End PBXContainerItemProxy section */

/* Begin PBXFileReference section */
		4408FC42DB1178918342AF71 /* Pods-InstagramTests.debug.xcconfig */ = {isa = PBXFileReference; includeInIndex = 1; lastKnownFileType = text.xcconfig; name = "Pods-InstagramTests.debug.xcconfig"; path = "Target Support Files/Pods-InstagramTests/Pods-InstagramTests.debug.xcconfig"; sourceTree = "<group>"; };
		5CC597161DEBD98937C46AE2 /* Pods-Instagram-InstagramUITests.release.xcconfig */ = {isa = PBXFileReference; includeInIndex = 1; lastKnownFileType = text.xcconfig; name = "Pods-Instagram-InstagramUITests.release.xcconfig"; path = "Target Support Files/Pods-Instagram-InstagramUITests/Pods-Instagram-InstagramUITests.release.xcconfig"; sourceTree = "<group>"; };
		5D330ACA3AAB9A012B61D50F /* Pods_Instagram_InstagramUITests.framework */ = {isa = PBXFileReference; explicitFileType = wrapper.framework; includeInIndex = 0; path = Pods_Instagram_InstagramUITests.framework; sourceTree = BUILT_PRODUCTS_DIR; };
		66B17101ACD5693D84119DB9 /* Pods-Instagram.debug.xcconfig */ = {isa = PBXFileReference; includeInIndex = 1; lastKnownFileType = text.xcconfig; name = "Pods-Instagram.debug.xcconfig"; path = "Target Support Files/Pods-Instagram/Pods-Instagram.debug.xcconfig"; sourceTree = "<group>"; };
		93D7FCB06AE3991BD5881170 /* Pods_Instagram.framework */ = {isa = PBXFileReference; explicitFileType = wrapper.framework; includeInIndex = 0; path = Pods_Instagram.framework; sourceTree = BUILT_PRODUCTS_DIR; };
		9C74E4A128654764003FFFF7 /* ProfileViewController.h */ = {isa = PBXFileReference; lastKnownFileType = sourcecode.c.h; path = ProfileViewController.h; sourceTree = "<group>"; };
		9C74E4A228654764003FFFF7 /* ProfileViewController.m */ = {isa = PBXFileReference; lastKnownFileType = sourcecode.c.objc; path = ProfileViewController.m; sourceTree = "<group>"; };
		9C74E4A42865477C003FFFF7 /* ComposeViewController.h */ = {isa = PBXFileReference; lastKnownFileType = sourcecode.c.h; path = ComposeViewController.h; sourceTree = "<group>"; };
		9C74E4A52865477C003FFFF7 /* ComposeViewController.m */ = {isa = PBXFileReference; lastKnownFileType = sourcecode.c.objc; path = ComposeViewController.m; sourceTree = "<group>"; };
		9C8B613F2863CAD500C7D7A3 /* LoginViewController.h */ = {isa = PBXFileReference; lastKnownFileType = sourcecode.c.h; path = LoginViewController.h; sourceTree = "<group>"; };
		9C8B61402863CAD500C7D7A3 /* LoginViewController.m */ = {isa = PBXFileReference; lastKnownFileType = sourcecode.c.objc; path = LoginViewController.m; sourceTree = "<group>"; };
		9C8B61422863CAE700C7D7A3 /* HomeViewController.h */ = {isa = PBXFileReference; lastKnownFileType = sourcecode.c.h; path = HomeViewController.h; sourceTree = "<group>"; };
		9C8B61432863CAE700C7D7A3 /* HomeViewController.m */ = {isa = PBXFileReference; lastKnownFileType = sourcecode.c.objc; path = HomeViewController.m; sourceTree = "<group>"; };
		9C8B61452863CE8000C7D7A3 /* PopupView.h */ = {isa = PBXFileReference; lastKnownFileType = sourcecode.c.h; path = PopupView.h; sourceTree = "<group>"; };
		9C8B61462863CE8000C7D7A3 /* PopupView.m */ = {isa = PBXFileReference; lastKnownFileType = sourcecode.c.objc; path = PopupView.m; sourceTree = "<group>"; };
		9C8B61492863D9FC00C7D7A3 /* Post.m */ = {isa = PBXFileReference; lastKnownFileType = sourcecode.c.objc; path = Post.m; sourceTree = "<group>"; };
		9C8B614B2863DA0C00C7D7A3 /* Post.h */ = {isa = PBXFileReference; lastKnownFileType = sourcecode.c.h; path = Post.h; sourceTree = "<group>"; };
		9CF6C7FB28638762005FC69C /* Instagram.app */ = {isa = PBXFileReference; explicitFileType = wrapper.application; includeInIndex = 0; path = Instagram.app; sourceTree = BUILT_PRODUCTS_DIR; };
		9CF6C7FE28638762005FC69C /* AppDelegate.h */ = {isa = PBXFileReference; lastKnownFileType = sourcecode.c.h; path = AppDelegate.h; sourceTree = "<group>"; };
		9CF6C7FF28638762005FC69C /* AppDelegate.m */ = {isa = PBXFileReference; lastKnownFileType = sourcecode.c.objc; path = AppDelegate.m; sourceTree = "<group>"; };
		9CF6C80128638762005FC69C /* SceneDelegate.h */ = {isa = PBXFileReference; lastKnownFileType = sourcecode.c.h; path = SceneDelegate.h; sourceTree = "<group>"; };
		9CF6C80228638762005FC69C /* SceneDelegate.m */ = {isa = PBXFileReference; lastKnownFileType = sourcecode.c.objc; path = SceneDelegate.m; sourceTree = "<group>"; };
		9CF6C80828638762005FC69C /* Base */ = {isa = PBXFileReference; lastKnownFileType = file.storyboard; name = Base; path = Base.lproj/Main.storyboard; sourceTree = "<group>"; };
		9CF6C80A28638763005FC69C /* Assets.xcassets */ = {isa = PBXFileReference; lastKnownFileType = folder.assetcatalog; path = Assets.xcassets; sourceTree = "<group>"; };
		9CF6C80D28638763005FC69C /* Base */ = {isa = PBXFileReference; lastKnownFileType = file.storyboard; name = Base; path = Base.lproj/LaunchScreen.storyboard; sourceTree = "<group>"; };
		9CF6C80F28638763005FC69C /* Info.plist */ = {isa = PBXFileReference; lastKnownFileType = text.plist.xml; path = Info.plist; sourceTree = "<group>"; };
		9CF6C81028638763005FC69C /* main.m */ = {isa = PBXFileReference; lastKnownFileType = sourcecode.c.objc; path = main.m; sourceTree = "<group>"; };
		9CF6C81628638763005FC69C /* InstagramTests.xctest */ = {isa = PBXFileReference; explicitFileType = wrapper.cfbundle; includeInIndex = 0; path = InstagramTests.xctest; sourceTree = BUILT_PRODUCTS_DIR; };
		9CF6C81A28638763005FC69C /* InstagramTests.m */ = {isa = PBXFileReference; lastKnownFileType = sourcecode.c.objc; path = InstagramTests.m; sourceTree = "<group>"; };
		9CF6C82028638763005FC69C /* InstagramUITests.xctest */ = {isa = PBXFileReference; explicitFileType = wrapper.cfbundle; includeInIndex = 0; path = InstagramUITests.xctest; sourceTree = BUILT_PRODUCTS_DIR; };
		9CF6C82428638763005FC69C /* InstagramUITests.m */ = {isa = PBXFileReference; lastKnownFileType = sourcecode.c.objc; path = InstagramUITests.m; sourceTree = "<group>"; };
		9CF6C82628638763005FC69C /* InstagramUITestsLaunchTests.m */ = {isa = PBXFileReference; lastKnownFileType = sourcecode.c.objc; path = InstagramUITestsLaunchTests.m; sourceTree = "<group>"; };
		9CF6C833286388D1005FC69C /* Keys.plist */ = {isa = PBXFileReference; lastKnownFileType = text.plist.xml; path = Keys.plist; sourceTree = "<group>"; };
		B98CC972ED30B91A3D666C54 /* Pods-Instagram.release.xcconfig */ = {isa = PBXFileReference; includeInIndex = 1; lastKnownFileType = text.xcconfig; name = "Pods-Instagram.release.xcconfig"; path = "Target Support Files/Pods-Instagram/Pods-Instagram.release.xcconfig"; sourceTree = "<group>"; };
		E04953C795DE79FB989203BC /* Pods-InstagramTests.release.xcconfig */ = {isa = PBXFileReference; includeInIndex = 1; lastKnownFileType = text.xcconfig; name = "Pods-InstagramTests.release.xcconfig"; path = "Target Support Files/Pods-InstagramTests/Pods-InstagramTests.release.xcconfig"; sourceTree = "<group>"; };
		E6AE1A1106BB5E213C4DA7DE /* Pods-Instagram-InstagramUITests.debug.xcconfig */ = {isa = PBXFileReference; includeInIndex = 1; lastKnownFileType = text.xcconfig; name = "Pods-Instagram-InstagramUITests.debug.xcconfig"; path = "Target Support Files/Pods-Instagram-InstagramUITests/Pods-Instagram-InstagramUITests.debug.xcconfig"; sourceTree = "<group>"; };
		FD637AD87A525688F5472242 /* Pods_InstagramTests.framework */ = {isa = PBXFileReference; explicitFileType = wrapper.framework; includeInIndex = 0; path = Pods_InstagramTests.framework; sourceTree = BUILT_PRODUCTS_DIR; };
/* End PBXFileReference section */

/* Begin PBXFrameworksBuildPhase section */
		9CF6C7F828638762005FC69C /* Frameworks */ = {
			isa = PBXFrameworksBuildPhase;
			buildActionMask = 2147483647;
			files = (
				179EFF5C5F1D03CADD60F7E0 /* Pods_Instagram.framework in Frameworks */,
			);
			runOnlyForDeploymentPostprocessing = 0;
		};
		9CF6C81328638763005FC69C /* Frameworks */ = {
			isa = PBXFrameworksBuildPhase;
			buildActionMask = 2147483647;
			files = (
				DACB4EA5BF74CDB82ED885FD /* Pods_InstagramTests.framework in Frameworks */,
			);
			runOnlyForDeploymentPostprocessing = 0;
		};
		9CF6C81D28638763005FC69C /* Frameworks */ = {
			isa = PBXFrameworksBuildPhase;
			buildActionMask = 2147483647;
			files = (
				999EFB686BB93CBA6C565056 /* Pods_Instagram_InstagramUITests.framework in Frameworks */,
			);
			runOnlyForDeploymentPostprocessing = 0;
		};
/* End PBXFrameworksBuildPhase section */

/* Begin PBXGroup section */
		14C5017552D2B4A1A12CFA22 /* Pods */ = {
			isa = PBXGroup;
			children = (
				66B17101ACD5693D84119DB9 /* Pods-Instagram.debug.xcconfig */,
				B98CC972ED30B91A3D666C54 /* Pods-Instagram.release.xcconfig */,
				E6AE1A1106BB5E213C4DA7DE /* Pods-Instagram-InstagramUITests.debug.xcconfig */,
				5CC597161DEBD98937C46AE2 /* Pods-Instagram-InstagramUITests.release.xcconfig */,
				4408FC42DB1178918342AF71 /* Pods-InstagramTests.debug.xcconfig */,
				E04953C795DE79FB989203BC /* Pods-InstagramTests.release.xcconfig */,
			);
			path = Pods;
			sourceTree = "<group>";
		};
		9C8B613E2863CAA600C7D7A3 /* ViewControllers */ = {
			isa = PBXGroup;
			children = (
				9C8B613F2863CAD500C7D7A3 /* LoginViewController.h */,
				9C8B61402863CAD500C7D7A3 /* LoginViewController.m */,
				9C8B61422863CAE700C7D7A3 /* HomeViewController.h */,
				9C8B61432863CAE700C7D7A3 /* HomeViewController.m */,
				9C8B61452863CE8000C7D7A3 /* PopupView.h */,
				9C8B61462863CE8000C7D7A3 /* PopupView.m */,
				9C74E4A128654764003FFFF7 /* ProfileViewController.h */,
				9C74E4A42865477C003FFFF7 /* ComposeViewController.h */,
				9C74E4A52865477C003FFFF7 /* ComposeViewController.m */,
				9C74E4A228654764003FFFF7 /* ProfileViewController.m */,
			);
			path = ViewControllers;
			sourceTree = "<group>";
		};
		9C8B61482863D9B800C7D7A3 /* Models */ = {
			isa = PBXGroup;
			children = (
				9C8B61492863D9FC00C7D7A3 /* Post.m */,
				9C8B614B2863DA0C00C7D7A3 /* Post.h */,
			);
			path = Models;
			sourceTree = "<group>";
		};
		9CF6C7F228638762005FC69C = {
			isa = PBXGroup;
			children = (
				9CF6C7FD28638762005FC69C /* Instagram */,
				9CF6C81928638763005FC69C /* InstagramTests */,
				9CF6C82328638763005FC69C /* InstagramUITests */,
				9CF6C7FC28638762005FC69C /* Products */,
				14C5017552D2B4A1A12CFA22 /* Pods */,
				CD287A24C3676C8B345605B7 /* Frameworks */,
			);
			sourceTree = "<group>";
		};
		9CF6C7FC28638762005FC69C /* Products */ = {
			isa = PBXGroup;
			children = (
				9CF6C7FB28638762005FC69C /* Instagram.app */,
				9CF6C81628638763005FC69C /* InstagramTests.xctest */,
				9CF6C82028638763005FC69C /* InstagramUITests.xctest */,
			);
			name = Products;
			sourceTree = "<group>";
		};
		9CF6C7FD28638762005FC69C /* Instagram */ = {
			isa = PBXGroup;
			children = (
				9C8B61482863D9B800C7D7A3 /* Models */,
				9C8B613E2863CAA600C7D7A3 /* ViewControllers */,
				9CF6C7FE28638762005FC69C /* AppDelegate.h */,
				9CF6C7FF28638762005FC69C /* AppDelegate.m */,
				9CF6C80128638762005FC69C /* SceneDelegate.h */,
				9CF6C80228638762005FC69C /* SceneDelegate.m */,
				9CF6C80728638762005FC69C /* Main.storyboard */,
				9CF6C80A28638763005FC69C /* Assets.xcassets */,
				9CF6C80C28638763005FC69C /* LaunchScreen.storyboard */,
				9CF6C80F28638763005FC69C /* Info.plist */,
				9CF6C833286388D1005FC69C /* Keys.plist */,
				9CF6C81028638763005FC69C /* main.m */,
			);
			path = Instagram;
			sourceTree = "<group>";
		};
		9CF6C81928638763005FC69C /* InstagramTests */ = {
			isa = PBXGroup;
			children = (
				9CF6C81A28638763005FC69C /* InstagramTests.m */,
			);
			path = InstagramTests;
			sourceTree = "<group>";
		};
		9CF6C82328638763005FC69C /* InstagramUITests */ = {
			isa = PBXGroup;
			children = (
				9CF6C82428638763005FC69C /* InstagramUITests.m */,
				9CF6C82628638763005FC69C /* InstagramUITestsLaunchTests.m */,
			);
			path = InstagramUITests;
			sourceTree = "<group>";
		};
		CD287A24C3676C8B345605B7 /* Frameworks */ = {
			isa = PBXGroup;
			children = (
				93D7FCB06AE3991BD5881170 /* Pods_Instagram.framework */,
				5D330ACA3AAB9A012B61D50F /* Pods_Instagram_InstagramUITests.framework */,
				FD637AD87A525688F5472242 /* Pods_InstagramTests.framework */,
			);
			name = Frameworks;
			sourceTree = "<group>";
		};
/* End PBXGroup section */

/* Begin PBXNativeTarget section */
		9CF6C7FA28638762005FC69C /* Instagram */ = {
			isa = PBXNativeTarget;
			buildConfigurationList = 9CF6C82A28638763005FC69C /* Build configuration list for PBXNativeTarget "Instagram" */;
			buildPhases = (
				8BDE4BDAACEFD56F53734941 /* [CP] Check Pods Manifest.lock */,
				9CF6C7F728638762005FC69C /* Sources */,
				9CF6C7F828638762005FC69C /* Frameworks */,
				9CF6C7F928638762005FC69C /* Resources */,
				6D497D423D5A6B01AE0843A6 /* [CP] Embed Pods Frameworks */,
			);
			buildRules = (
			);
			dependencies = (
			);
			name = Instagram;
			productName = Instagram;
			productReference = 9CF6C7FB28638762005FC69C /* Instagram.app */;
			productType = "com.apple.product-type.application";
		};
		9CF6C81528638763005FC69C /* InstagramTests */ = {
			isa = PBXNativeTarget;
			buildConfigurationList = 9CF6C82D28638763005FC69C /* Build configuration list for PBXNativeTarget "InstagramTests" */;
			buildPhases = (
				44D812B53E8349D4B1DD548F /* [CP] Check Pods Manifest.lock */,
				9CF6C81228638763005FC69C /* Sources */,
				9CF6C81328638763005FC69C /* Frameworks */,
				9CF6C81428638763005FC69C /* Resources */,
			);
			buildRules = (
			);
			dependencies = (
				9CF6C81828638763005FC69C /* PBXTargetDependency */,
			);
			name = InstagramTests;
			productName = InstagramTests;
			productReference = 9CF6C81628638763005FC69C /* InstagramTests.xctest */;
			productType = "com.apple.product-type.bundle.unit-test";
		};
		9CF6C81F28638763005FC69C /* InstagramUITests */ = {
			isa = PBXNativeTarget;
			buildConfigurationList = 9CF6C83028638763005FC69C /* Build configuration list for PBXNativeTarget "InstagramUITests" */;
			buildPhases = (
				D40DEF903AA2A433C2A6CCE5 /* [CP] Check Pods Manifest.lock */,
				9CF6C81C28638763005FC69C /* Sources */,
				9CF6C81D28638763005FC69C /* Frameworks */,
				9CF6C81E28638763005FC69C /* Resources */,
				D3FC54539C1E6C1F11A56A40 /* [CP] Embed Pods Frameworks */,
			);
			buildRules = (
			);
			dependencies = (
				9CF6C82228638763005FC69C /* PBXTargetDependency */,
			);
			name = InstagramUITests;
			productName = InstagramUITests;
			productReference = 9CF6C82028638763005FC69C /* InstagramUITests.xctest */;
			productType = "com.apple.product-type.bundle.ui-testing";
		};
/* End PBXNativeTarget section */

/* Begin PBXProject section */
		9CF6C7F328638762005FC69C /* Project object */ = {
			isa = PBXProject;
			attributes = {
				BuildIndependentTargetsInParallel = 1;
				LastUpgradeCheck = 1340;
				TargetAttributes = {
					9CF6C7FA28638762005FC69C = {
						CreatedOnToolsVersion = 13.4.1;
					};
					9CF6C81528638763005FC69C = {
						CreatedOnToolsVersion = 13.4.1;
						TestTargetID = 9CF6C7FA28638762005FC69C;
					};
					9CF6C81F28638763005FC69C = {
						CreatedOnToolsVersion = 13.4.1;
						TestTargetID = 9CF6C7FA28638762005FC69C;
					};
				};
			};
			buildConfigurationList = 9CF6C7F628638762005FC69C /* Build configuration list for PBXProject "Instagram" */;
			compatibilityVersion = "Xcode 13.0";
			developmentRegion = en;
			hasScannedForEncodings = 0;
			knownRegions = (
				en,
				Base,
			);
			mainGroup = 9CF6C7F228638762005FC69C;
			productRefGroup = 9CF6C7FC28638762005FC69C /* Products */;
			projectDirPath = "";
			projectRoot = "";
			targets = (
				9CF6C7FA28638762005FC69C /* Instagram */,
				9CF6C81528638763005FC69C /* InstagramTests */,
				9CF6C81F28638763005FC69C /* InstagramUITests */,
			);
		};
/* End PBXProject section */

/* Begin PBXResourcesBuildPhase section */
		9CF6C7F928638762005FC69C /* Resources */ = {
			isa = PBXResourcesBuildPhase;
			buildActionMask = 2147483647;
			files = (
				9CF6C834286388D1005FC69C /* Keys.plist in Resources */,
				9CF6C80E28638763005FC69C /* LaunchScreen.storyboard in Resources */,
				9CF6C80B28638763005FC69C /* Assets.xcassets in Resources */,
				9CF6C80928638762005FC69C /* Main.storyboard in Resources */,
			);
			runOnlyForDeploymentPostprocessing = 0;
		};
		9CF6C81428638763005FC69C /* Resources */ = {
			isa = PBXResourcesBuildPhase;
			buildActionMask = 2147483647;
			files = (
			);
			runOnlyForDeploymentPostprocessing = 0;
		};
		9CF6C81E28638763005FC69C /* Resources */ = {
			isa = PBXResourcesBuildPhase;
			buildActionMask = 2147483647;
			files = (
			);
			runOnlyForDeploymentPostprocessing = 0;
		};
/* End PBXResourcesBuildPhase section */

/* Begin PBXShellScriptBuildPhase section */
		44D812B53E8349D4B1DD548F /* [CP] Check Pods Manifest.lock */ = {
			isa = PBXShellScriptBuildPhase;
			buildActionMask = 2147483647;
			files = (
			);
			inputFileListPaths = (
			);
			inputPaths = (
				"${PODS_PODFILE_DIR_PATH}/Podfile.lock",
				"${PODS_ROOT}/Manifest.lock",
			);
			name = "[CP] Check Pods Manifest.lock";
			outputFileListPaths = (
			);
			outputPaths = (
				"$(DERIVED_FILE_DIR)/Pods-InstagramTests-checkManifestLockResult.txt",
			);
			runOnlyForDeploymentPostprocessing = 0;
			shellPath = /bin/sh;
			shellScript = "diff \"${PODS_PODFILE_DIR_PATH}/Podfile.lock\" \"${PODS_ROOT}/Manifest.lock\" > /dev/null\nif [ $? != 0 ] ; then\n    # print error to STDERR\n    echo \"error: The sandbox is not in sync with the Podfile.lock. Run 'pod install' or update your CocoaPods installation.\" >&2\n    exit 1\nfi\n# This output is used by Xcode 'outputs' to avoid re-running this script phase.\necho \"SUCCESS\" > \"${SCRIPT_OUTPUT_FILE_0}\"\n";
			showEnvVarsInLog = 0;
		};
		6D497D423D5A6B01AE0843A6 /* [CP] Embed Pods Frameworks */ = {
			isa = PBXShellScriptBuildPhase;
			buildActionMask = 2147483647;
			files = (
			);
			inputFileListPaths = (
				"${PODS_ROOT}/Target Support Files/Pods-Instagram/Pods-Instagram-frameworks-${CONFIGURATION}-input-files.xcfilelist",
			);
			name = "[CP] Embed Pods Frameworks";
			outputFileListPaths = (
				"${PODS_ROOT}/Target Support Files/Pods-Instagram/Pods-Instagram-frameworks-${CONFIGURATION}-output-files.xcfilelist",
			);
			runOnlyForDeploymentPostprocessing = 0;
			shellPath = /bin/sh;
			shellScript = "\"${PODS_ROOT}/Target Support Files/Pods-Instagram/Pods-Instagram-frameworks.sh\"\n";
			showEnvVarsInLog = 0;
		};
		8BDE4BDAACEFD56F53734941 /* [CP] Check Pods Manifest.lock */ = {
			isa = PBXShellScriptBuildPhase;
			buildActionMask = 2147483647;
			files = (
			);
			inputFileListPaths = (
			);
			inputPaths = (
				"${PODS_PODFILE_DIR_PATH}/Podfile.lock",
				"${PODS_ROOT}/Manifest.lock",
			);
			name = "[CP] Check Pods Manifest.lock";
			outputFileListPaths = (
			);
			outputPaths = (
				"$(DERIVED_FILE_DIR)/Pods-Instagram-checkManifestLockResult.txt",
			);
			runOnlyForDeploymentPostprocessing = 0;
			shellPath = /bin/sh;
			shellScript = "diff \"${PODS_PODFILE_DIR_PATH}/Podfile.lock\" \"${PODS_ROOT}/Manifest.lock\" > /dev/null\nif [ $? != 0 ] ; then\n    # print error to STDERR\n    echo \"error: The sandbox is not in sync with the Podfile.lock. Run 'pod install' or update your CocoaPods installation.\" >&2\n    exit 1\nfi\n# This output is used by Xcode 'outputs' to avoid re-running this script phase.\necho \"SUCCESS\" > \"${SCRIPT_OUTPUT_FILE_0}\"\n";
			showEnvVarsInLog = 0;
		};
		D3FC54539C1E6C1F11A56A40 /* [CP] Embed Pods Frameworks */ = {
			isa = PBXShellScriptBuildPhase;
			buildActionMask = 2147483647;
			files = (
			);
			inputFileListPaths = (
				"${PODS_ROOT}/Target Support Files/Pods-Instagram-InstagramUITests/Pods-Instagram-InstagramUITests-frameworks-${CONFIGURATION}-input-files.xcfilelist",
			);
			name = "[CP] Embed Pods Frameworks";
			outputFileListPaths = (
				"${PODS_ROOT}/Target Support Files/Pods-Instagram-InstagramUITests/Pods-Instagram-InstagramUITests-frameworks-${CONFIGURATION}-output-files.xcfilelist",
			);
			runOnlyForDeploymentPostprocessing = 0;
			shellPath = /bin/sh;
			shellScript = "\"${PODS_ROOT}/Target Support Files/Pods-Instagram-InstagramUITests/Pods-Instagram-InstagramUITests-frameworks.sh\"\n";
			showEnvVarsInLog = 0;
		};
		D40DEF903AA2A433C2A6CCE5 /* [CP] Check Pods Manifest.lock */ = {
			isa = PBXShellScriptBuildPhase;
			buildActionMask = 2147483647;
			files = (
			);
			inputFileListPaths = (
			);
			inputPaths = (
				"${PODS_PODFILE_DIR_PATH}/Podfile.lock",
				"${PODS_ROOT}/Manifest.lock",
			);
			name = "[CP] Check Pods Manifest.lock";
			outputFileListPaths = (
			);
			outputPaths = (
				"$(DERIVED_FILE_DIR)/Pods-Instagram-InstagramUITests-checkManifestLockResult.txt",
			);
			runOnlyForDeploymentPostprocessing = 0;
			shellPath = /bin/sh;
			shellScript = "diff \"${PODS_PODFILE_DIR_PATH}/Podfile.lock\" \"${PODS_ROOT}/Manifest.lock\" > /dev/null\nif [ $? != 0 ] ; then\n    # print error to STDERR\n    echo \"error: The sandbox is not in sync with the Podfile.lock. Run 'pod install' or update your CocoaPods installation.\" >&2\n    exit 1\nfi\n# This output is used by Xcode 'outputs' to avoid re-running this script phase.\necho \"SUCCESS\" > \"${SCRIPT_OUTPUT_FILE_0}\"\n";
			showEnvVarsInLog = 0;
		};
/* End PBXShellScriptBuildPhase section */

/* Begin PBXSourcesBuildPhase section */
		9CF6C7F728638762005FC69C /* Sources */ = {
			isa = PBXSourcesBuildPhase;
			buildActionMask = 2147483647;
			files = (
				9C8B61472863CE8000C7D7A3 /* PopupView.m in Sources */,
				9C8B61412863CAD500C7D7A3 /* LoginViewController.m in Sources */,
				9C74E4A328654764003FFFF7 /* ProfileViewController.m in Sources */,
				9C74E4A62865477C003FFFF7 /* ComposeViewController.m in Sources */,
				9CF6C80028638762005FC69C /* AppDelegate.m in Sources */,
				9CF6C81128638763005FC69C /* main.m in Sources */,
				9C8B61442863CAE700C7D7A3 /* HomeViewController.m in Sources */,
				9CF6C80328638762005FC69C /* SceneDelegate.m in Sources */,
				9C8B614A2863D9FC00C7D7A3 /* Post.m in Sources */,
			);
			runOnlyForDeploymentPostprocessing = 0;
		};
		9CF6C81228638763005FC69C /* Sources */ = {
			isa = PBXSourcesBuildPhase;
			buildActionMask = 2147483647;
			files = (
				9CF6C81B28638763005FC69C /* InstagramTests.m in Sources */,
			);
			runOnlyForDeploymentPostprocessing = 0;
		};
		9CF6C81C28638763005FC69C /* Sources */ = {
			isa = PBXSourcesBuildPhase;
			buildActionMask = 2147483647;
			files = (
				9CF6C82528638763005FC69C /* InstagramUITests.m in Sources */,
				9CF6C82728638763005FC69C /* InstagramUITestsLaunchTests.m in Sources */,
			);
			runOnlyForDeploymentPostprocessing = 0;
		};
/* End PBXSourcesBuildPhase section */

/* Begin PBXTargetDependency section */
		9CF6C81828638763005FC69C /* PBXTargetDependency */ = {
			isa = PBXTargetDependency;
			target = 9CF6C7FA28638762005FC69C /* Instagram */;
			targetProxy = 9CF6C81728638763005FC69C /* PBXContainerItemProxy */;
		};
		9CF6C82228638763005FC69C /* PBXTargetDependency */ = {
			isa = PBXTargetDependency;
			target = 9CF6C7FA28638762005FC69C /* Instagram */;
			targetProxy = 9CF6C82128638763005FC69C /* PBXContainerItemProxy */;
		};
/* End PBXTargetDependency section */

/* Begin PBXVariantGroup section */
		9CF6C80728638762005FC69C /* Main.storyboard */ = {
			isa = PBXVariantGroup;
			children = (
				9CF6C80828638762005FC69C /* Base */,
			);
			name = Main.storyboard;
			sourceTree = "<group>";
		};
		9CF6C80C28638763005FC69C /* LaunchScreen.storyboard */ = {
			isa = PBXVariantGroup;
			children = (
				9CF6C80D28638763005FC69C /* Base */,
			);
			name = LaunchScreen.storyboard;
			sourceTree = "<group>";
		};
/* End PBXVariantGroup section */

/* Begin XCBuildConfiguration section */
		9CF6C82828638763005FC69C /* Debug */ = {
			isa = XCBuildConfiguration;
			buildSettings = {
				ALWAYS_SEARCH_USER_PATHS = NO;
				CLANG_ANALYZER_NONNULL = YES;
				CLANG_ANALYZER_NUMBER_OBJECT_CONVERSION = YES_AGGRESSIVE;
				CLANG_CXX_LANGUAGE_STANDARD = "gnu++17";
				CLANG_ENABLE_MODULES = YES;
				CLANG_ENABLE_OBJC_ARC = YES;
				CLANG_ENABLE_OBJC_WEAK = YES;
				CLANG_WARN_BLOCK_CAPTURE_AUTORELEASING = YES;
				CLANG_WARN_BOOL_CONVERSION = YES;
				CLANG_WARN_COMMA = YES;
				CLANG_WARN_CONSTANT_CONVERSION = YES;
				CLANG_WARN_DEPRECATED_OBJC_IMPLEMENTATIONS = YES;
				CLANG_WARN_DIRECT_OBJC_ISA_USAGE = YES_ERROR;
				CLANG_WARN_DOCUMENTATION_COMMENTS = YES;
				CLANG_WARN_EMPTY_BODY = YES;
				CLANG_WARN_ENUM_CONVERSION = YES;
				CLANG_WARN_INFINITE_RECURSION = YES;
				CLANG_WARN_INT_CONVERSION = YES;
				CLANG_WARN_NON_LITERAL_NULL_CONVERSION = YES;
				CLANG_WARN_OBJC_IMPLICIT_RETAIN_SELF = YES;
				CLANG_WARN_OBJC_LITERAL_CONVERSION = YES;
				CLANG_WARN_OBJC_ROOT_CLASS = YES_ERROR;
				CLANG_WARN_QUOTED_INCLUDE_IN_FRAMEWORK_HEADER = YES;
				CLANG_WARN_RANGE_LOOP_ANALYSIS = YES;
				CLANG_WARN_STRICT_PROTOTYPES = YES;
				CLANG_WARN_SUSPICIOUS_MOVE = YES;
				CLANG_WARN_UNGUARDED_AVAILABILITY = YES_AGGRESSIVE;
				CLANG_WARN_UNREACHABLE_CODE = YES;
				CLANG_WARN__DUPLICATE_METHOD_MATCH = YES;
				COPY_PHASE_STRIP = NO;
				DEBUG_INFORMATION_FORMAT = dwarf;
				ENABLE_STRICT_OBJC_MSGSEND = YES;
				ENABLE_TESTABILITY = YES;
				GCC_C_LANGUAGE_STANDARD = gnu11;
				GCC_DYNAMIC_NO_PIC = NO;
				GCC_NO_COMMON_BLOCKS = YES;
				GCC_OPTIMIZATION_LEVEL = 0;
				GCC_PREPROCESSOR_DEFINITIONS = (
					"DEBUG=1",
					"$(inherited)",
				);
				GCC_WARN_64_TO_32_BIT_CONVERSION = YES;
				GCC_WARN_ABOUT_RETURN_TYPE = YES_ERROR;
				GCC_WARN_UNDECLARED_SELECTOR = YES;
				GCC_WARN_UNINITIALIZED_AUTOS = YES_AGGRESSIVE;
				GCC_WARN_UNUSED_FUNCTION = YES;
				GCC_WARN_UNUSED_VARIABLE = YES;
				IPHONEOS_DEPLOYMENT_TARGET = 15.5;
				MTL_ENABLE_DEBUG_INFO = INCLUDE_SOURCE;
				MTL_FAST_MATH = YES;
				ONLY_ACTIVE_ARCH = YES;
				SDKROOT = iphoneos;
			};
			name = Debug;
		};
		9CF6C82928638763005FC69C /* Release */ = {
			isa = XCBuildConfiguration;
			buildSettings = {
				ALWAYS_SEARCH_USER_PATHS = NO;
				CLANG_ANALYZER_NONNULL = YES;
				CLANG_ANALYZER_NUMBER_OBJECT_CONVERSION = YES_AGGRESSIVE;
				CLANG_CXX_LANGUAGE_STANDARD = "gnu++17";
				CLANG_ENABLE_MODULES = YES;
				CLANG_ENABLE_OBJC_ARC = YES;
				CLANG_ENABLE_OBJC_WEAK = YES;
				CLANG_WARN_BLOCK_CAPTURE_AUTORELEASING = YES;
				CLANG_WARN_BOOL_CONVERSION = YES;
				CLANG_WARN_COMMA = YES;
				CLANG_WARN_CONSTANT_CONVERSION = YES;
				CLANG_WARN_DEPRECATED_OBJC_IMPLEMENTATIONS = YES;
				CLANG_WARN_DIRECT_OBJC_ISA_USAGE = YES_ERROR;
				CLANG_WARN_DOCUMENTATION_COMMENTS = YES;
				CLANG_WARN_EMPTY_BODY = YES;
				CLANG_WARN_ENUM_CONVERSION = YES;
				CLANG_WARN_INFINITE_RECURSION = YES;
				CLANG_WARN_INT_CONVERSION = YES;
				CLANG_WARN_NON_LITERAL_NULL_CONVERSION = YES;
				CLANG_WARN_OBJC_IMPLICIT_RETAIN_SELF = YES;
				CLANG_WARN_OBJC_LITERAL_CONVERSION = YES;
				CLANG_WARN_OBJC_ROOT_CLASS = YES_ERROR;
				CLANG_WARN_QUOTED_INCLUDE_IN_FRAMEWORK_HEADER = YES;
				CLANG_WARN_RANGE_LOOP_ANALYSIS = YES;
				CLANG_WARN_STRICT_PROTOTYPES = YES;
				CLANG_WARN_SUSPICIOUS_MOVE = YES;
				CLANG_WARN_UNGUARDED_AVAILABILITY = YES_AGGRESSIVE;
				CLANG_WARN_UNREACHABLE_CODE = YES;
				CLANG_WARN__DUPLICATE_METHOD_MATCH = YES;
				COPY_PHASE_STRIP = NO;
				DEBUG_INFORMATION_FORMAT = "dwarf-with-dsym";
				ENABLE_NS_ASSERTIONS = NO;
				ENABLE_STRICT_OBJC_MSGSEND = YES;
				GCC_C_LANGUAGE_STANDARD = gnu11;
				GCC_NO_COMMON_BLOCKS = YES;
				GCC_WARN_64_TO_32_BIT_CONVERSION = YES;
				GCC_WARN_ABOUT_RETURN_TYPE = YES_ERROR;
				GCC_WARN_UNDECLARED_SELECTOR = YES;
				GCC_WARN_UNINITIALIZED_AUTOS = YES_AGGRESSIVE;
				GCC_WARN_UNUSED_FUNCTION = YES;
				GCC_WARN_UNUSED_VARIABLE = YES;
				IPHONEOS_DEPLOYMENT_TARGET = 15.5;
				MTL_ENABLE_DEBUG_INFO = NO;
				MTL_FAST_MATH = YES;
				SDKROOT = iphoneos;
				VALIDATE_PRODUCT = YES;
			};
			name = Release;
		};
		9CF6C82B28638763005FC69C /* Debug */ = {
			isa = XCBuildConfiguration;
			baseConfigurationReference = 66B17101ACD5693D84119DB9 /* Pods-Instagram.debug.xcconfig */;
			buildSettings = {
				ASSETCATALOG_COMPILER_APPICON_NAME = AppIcon;
				ASSETCATALOG_COMPILER_GLOBAL_ACCENT_COLOR_NAME = AccentColor;
				CODE_SIGN_STYLE = Automatic;
				CURRENT_PROJECT_VERSION = 1;
				DEVELOPMENT_TEAM = 7U2A6R77J6;
				GENERATE_INFOPLIST_FILE = YES;
				INFOPLIST_FILE = Instagram/Info.plist;
				INFOPLIST_KEY_UIApplicationSupportsIndirectInputEvents = YES;
				INFOPLIST_KEY_UILaunchStoryboardName = LaunchScreen;
				INFOPLIST_KEY_UIMainStoryboardFile = Main;
				INFOPLIST_KEY_UISupportedInterfaceOrientations_iPad = "UIInterfaceOrientationPortrait UIInterfaceOrientationPortraitUpsideDown UIInterfaceOrientationLandscapeLeft UIInterfaceOrientationLandscapeRight";
				INFOPLIST_KEY_UISupportedInterfaceOrientations_iPhone = "UIInterfaceOrientationPortrait UIInterfaceOrientationLandscapeLeft UIInterfaceOrientationLandscapeRight";
				LD_RUNPATH_SEARCH_PATHS = (
					"$(inherited)",
					"@executable_path/Frameworks",
				);
				MARKETING_VERSION = 1.0;
				PRODUCT_BUNDLE_IDENTIFIER = com.facebook.Instagram;
				PRODUCT_NAME = "$(TARGET_NAME)";
				SWIFT_EMIT_LOC_STRINGS = YES;
				TARGETED_DEVICE_FAMILY = "1,2";
			};
			name = Debug;
		};
		9CF6C82C28638763005FC69C /* Release */ = {
			isa = XCBuildConfiguration;
			baseConfigurationReference = B98CC972ED30B91A3D666C54 /* Pods-Instagram.release.xcconfig */;
			buildSettings = {
				ASSETCATALOG_COMPILER_APPICON_NAME = AppIcon;
				ASSETCATALOG_COMPILER_GLOBAL_ACCENT_COLOR_NAME = AccentColor;
				CODE_SIGN_STYLE = Automatic;
				CURRENT_PROJECT_VERSION = 1;
				DEVELOPMENT_TEAM = 7U2A6R77J6;
				GENERATE_INFOPLIST_FILE = YES;
				INFOPLIST_FILE = Instagram/Info.plist;
				INFOPLIST_KEY_UIApplicationSupportsIndirectInputEvents = YES;
				INFOPLIST_KEY_UILaunchStoryboardName = LaunchScreen;
				INFOPLIST_KEY_UIMainStoryboardFile = Main;
				INFOPLIST_KEY_UISupportedInterfaceOrientations_iPad = "UIInterfaceOrientationPortrait UIInterfaceOrientationPortraitUpsideDown UIInterfaceOrientationLandscapeLeft UIInterfaceOrientationLandscapeRight";
				INFOPLIST_KEY_UISupportedInterfaceOrientations_iPhone = "UIInterfaceOrientationPortrait UIInterfaceOrientationLandscapeLeft UIInterfaceOrientationLandscapeRight";
				LD_RUNPATH_SEARCH_PATHS = (
					"$(inherited)",
					"@executable_path/Frameworks",
				);
				MARKETING_VERSION = 1.0;
				PRODUCT_BUNDLE_IDENTIFIER = com.facebook.Instagram;
				PRODUCT_NAME = "$(TARGET_NAME)";
				SWIFT_EMIT_LOC_STRINGS = YES;
				TARGETED_DEVICE_FAMILY = "1,2";
			};
			name = Release;
		};
		9CF6C82E28638763005FC69C /* Debug */ = {
			isa = XCBuildConfiguration;
			baseConfigurationReference = 4408FC42DB1178918342AF71 /* Pods-InstagramTests.debug.xcconfig */;
			buildSettings = {
				BUNDLE_LOADER = "$(TEST_HOST)";
				CODE_SIGN_STYLE = Automatic;
				CURRENT_PROJECT_VERSION = 1;
				DEVELOPMENT_TEAM = 7U2A6R77J6;
				GENERATE_INFOPLIST_FILE = YES;
				IPHONEOS_DEPLOYMENT_TARGET = 15.5;
				MARKETING_VERSION = 1.0;
				PRODUCT_BUNDLE_IDENTIFIER = com.facebook.InstagramTests;
				PRODUCT_NAME = "$(TARGET_NAME)";
				SWIFT_EMIT_LOC_STRINGS = NO;
				TARGETED_DEVICE_FAMILY = "1,2";
				TEST_HOST = "$(BUILT_PRODUCTS_DIR)/Instagram.app/Instagram";
			};
			name = Debug;
		};
		9CF6C82F28638763005FC69C /* Release */ = {
			isa = XCBuildConfiguration;
			baseConfigurationReference = E04953C795DE79FB989203BC /* Pods-InstagramTests.release.xcconfig */;
			buildSettings = {
				BUNDLE_LOADER = "$(TEST_HOST)";
				CODE_SIGN_STYLE = Automatic;
				CURRENT_PROJECT_VERSION = 1;
				DEVELOPMENT_TEAM = 7U2A6R77J6;
				GENERATE_INFOPLIST_FILE = YES;
				IPHONEOS_DEPLOYMENT_TARGET = 15.5;
				MARKETING_VERSION = 1.0;
				PRODUCT_BUNDLE_IDENTIFIER = com.facebook.InstagramTests;
				PRODUCT_NAME = "$(TARGET_NAME)";
				SWIFT_EMIT_LOC_STRINGS = NO;
				TARGETED_DEVICE_FAMILY = "1,2";
				TEST_HOST = "$(BUILT_PRODUCTS_DIR)/Instagram.app/Instagram";
			};
			name = Release;
		};
		9CF6C83128638763005FC69C /* Debug */ = {
			isa = XCBuildConfiguration;
			baseConfigurationReference = E6AE1A1106BB5E213C4DA7DE /* Pods-Instagram-InstagramUITests.debug.xcconfig */;
			buildSettings = {
				CODE_SIGN_STYLE = Automatic;
				CURRENT_PROJECT_VERSION = 1;
				DEVELOPMENT_TEAM = 7U2A6R77J6;
				GENERATE_INFOPLIST_FILE = YES;
				MARKETING_VERSION = 1.0;
				PRODUCT_BUNDLE_IDENTIFIER = com.facebook.InstagramUITests;
				PRODUCT_NAME = "$(TARGET_NAME)";
				SWIFT_EMIT_LOC_STRINGS = NO;
				TARGETED_DEVICE_FAMILY = "1,2";
				TEST_TARGET_NAME = Instagram;
			};
			name = Debug;
		};
		9CF6C83228638763005FC69C /* Release */ = {
			isa = XCBuildConfiguration;
			baseConfigurationReference = 5CC597161DEBD98937C46AE2 /* Pods-Instagram-InstagramUITests.release.xcconfig */;
			buildSettings = {
				CODE_SIGN_STYLE = Automatic;
				CURRENT_PROJECT_VERSION = 1;
				DEVELOPMENT_TEAM = 7U2A6R77J6;
				GENERATE_INFOPLIST_FILE = YES;
				MARKETING_VERSION = 1.0;
				PRODUCT_BUNDLE_IDENTIFIER = com.facebook.InstagramUITests;
				PRODUCT_NAME = "$(TARGET_NAME)";
				SWIFT_EMIT_LOC_STRINGS = NO;
				TARGETED_DEVICE_FAMILY = "1,2";
				TEST_TARGET_NAME = Instagram;
			};
			name = Release;
		};
/* End XCBuildConfiguration section */

/* Begin XCConfigurationList section */
		9CF6C7F628638762005FC69C /* Build configuration list for PBXProject "Instagram" */ = {
			isa = XCConfigurationList;
			buildConfigurations = (
				9CF6C82828638763005FC69C /* Debug */,
				9CF6C82928638763005FC69C /* Release */,
			);
			defaultConfigurationIsVisible = 0;
			defaultConfigurationName = Release;
		};
		9CF6C82A28638763005FC69C /* Build configuration list for PBXNativeTarget "Instagram" */ = {
			isa = XCConfigurationList;
			buildConfigurations = (
				9CF6C82B28638763005FC69C /* Debug */,
				9CF6C82C28638763005FC69C /* Release */,
			);
			defaultConfigurationIsVisible = 0;
			defaultConfigurationName = Release;
		};
		9CF6C82D28638763005FC69C /* Build configuration list for PBXNativeTarget "InstagramTests" */ = {
			isa = XCConfigurationList;
			buildConfigurations = (
				9CF6C82E28638763005FC69C /* Debug */,
				9CF6C82F28638763005FC69C /* Release */,
			);
			defaultConfigurationIsVisible = 0;
			defaultConfigurationName = Release;
		};
		9CF6C83028638763005FC69C /* Build configuration list for PBXNativeTarget "InstagramUITests" */ = {
			isa = XCConfigurationList;
			buildConfigurations = (
				9CF6C83128638763005FC69C /* Debug */,
				9CF6C83228638763005FC69C /* Release */,
			);
			defaultConfigurationIsVisible = 0;
			defaultConfigurationName = Release;
		};
/* End XCConfigurationList section */
	};
	rootObject = 9CF6C7F328638762005FC69C /* Project object */;
}
